github.com/msyahrur/go-say-hello v1.0.0 h1:044f8Nerhxr63VTqMJfKWw53HGmbYycFnhnkDD/4Omk=
github.com/msyahrur/go-say-hello v1.0.0/go.mod h1:UrHeafkCgvmjxJPij/UQ5lPQUf39rthgkX/bjb2p9D4=
github.com/msyahrur/go-say-hello v1.0.5 h1:6NBMGeRDNrOSJ+TopN0Z2YTEkgWB38SLoJZTNFYkL6k=
github.com/msyahrur/go-say-hello v1.0.5/go.mod h1:UrHeafkCgvmjxJPij/UQ5lPQUf39rthgkX/bjb2p9D4=
github.com/msyahrur/go-say-hello/v2 v2.0.0 h1:oDz5URGb/SeGgAk3o1FrXDvG4QLx+sP2EKz7bqnJ9jo=
github.com/msyahrur/go-say-hello/v2 v2.0.0/go.mod h1:pzGHKf2tPFRch03TR7wm8fyAGr3pLXgTKjnzBk9/qys=
